# yujieteo/visuals files that notebooks read through data!("path"), at one commit. scripts/visuals.sh
# fetches them into visuals/ (not committed) and checks every hash; the build refuses any other path.
# sha256 path
commit 02fcb4f8fb17fca5f97b0049c323b7bf7b392d81
2da71d90953d25ba95d7086e03160bfb222ff676689356afb1459d749083e5a6 viz/theorem-explorer/raw.json
b5a5313da12ea9c5e4248390377ef4c14e9418fd8fd99bb931f4c0c0cd7f0cd9 viz/theorem-learner/raw.json
cc1f911865193727be1aa81c385ff59f670caff22bdc1a9facede9b0c4562918 viz/beamdiag/raw.json
cbf8435c339f8e2c02f51ff7fea39ea99eb157c3f48a4131b71538c9e1bddaac viz/beamdiag/index.html
de4357e58497298e50681c18b385b2cfd3006488dd31374a1e385c6eac5a5f30 viz/monte-carlo-workbench/data/laws.json
a8cbf7352659bf752e1528630d551fb9a15a18ea2187b155395f26652880775c viz/monte-carlo-workbench/data/theory.json
046925b9f5687b88cfb1f984c622172d0a685df38a4667e1e0de938a6da449f3 viz/monte-carlo-workbench/data/glossary.json
e7c1f80be3e09fe6bfa0eee72f739b3c4a4e1f2f8681849ef4fa044f917154c1 viz/monte-carlo-workbench/data/limits.json
f30cb3ebc343490230f68dd5d7b9089793d90b1ada2e9ec25cc0136a940d726b viz/monte-carlo-workbench/data/models.json
961706cd1a1ba3b9e7b8dc584581d5c06fbaa0034f1a860e29067c22704d5711 viz/monte-carlo-workbench/data/methods.json
7ce2b627953ee08a2e3b2780f3e76a131474e42e2618e24df78824ac3367dd14 viz/monte-carlo-workbench/data/datasets.json
a16ddec8e77184beda252ff60851394388a7d0bbeda071b892bd86c45bf7373a viz/monte-carlo-workbench/data/groups.json
a21e9e5db1c484be7ab03bf3ded14332e7851f5e18b1222474bff02d4866de61 viz/monte-carlo-workbench/data/chains.json
25e3ffb0749982eeb545898a4c25770e86978e7470b4c3ddd56a6af72bdb3a0b viz/monte-carlo-workbench/data/rare.json
5780ae9c76402908408f8c364dec1dd16c7c8744f0f7fb7040e3771bf89e2bb0 viz/monte-carlo-workbench/data/physics.json
694e310d4396e28e11bd8139b25c73b21c2dadf41425d4d55e81ae9ed18122bd viz/monte-carlo-workbench/data/interview.json
c42b73d6efa5748ddb149141527a5a38fef8d4975c5af29e052b9599a608a97d viz/sectionlab/raw.json
daf5176c36e991fbe2dcf4c662e3e6c77b9d5fb3b980159a276f465c945e74b8 viz/sectionlab/reference/torsion-accuracy.json
f6193108d3afa7e3e1285ce1d6d2f1332c260aa8fac243612637aa28a3fc024e viz/toulmin/raw.json
d7d936ec5d86c356882a7cae24ed9a9bfe3527ee51a8e2c0bd86a2f353704195 viz/english-grammar/concepts.json
2700a6512bc6498ffc3f3496f88f5540ff1fe841afb88daf6659a77be0f24d29 viz/english-grammar/examples.json
6a25ddf42add85d3d0007a07dcbe4ddb1c95ddc8581d0651039166a0066452da viz/english-grammar/raw.json
ee958d263d1f0fd44c9e6ad28d2003e26537388fe378154b980bac98f611cb29 viz/distortion/raw.json
