# yujieteo/visuals files that notebooks read through data!("path"), at one commit. scripts/visuals.sh
# fetches them into visuals/ (not committed) and checks every hash; the build refuses any other path.
# sha256 path
commit 32181d1596676077435fa563d03b9f3816fee234
2da71d90953d25ba95d7086e03160bfb222ff676689356afb1459d749083e5a6 viz/theorem-explorer/raw.json
b5a5313da12ea9c5e4248390377ef4c14e9418fd8fd99bb931f4c0c0cd7f0cd9 viz/theorem-learner/raw.json
cc1f911865193727be1aa81c385ff59f670caff22bdc1a9facede9b0c4562918 viz/beamdiag/raw.json
f18e373aea4010182c6fba78ad8ae9150add7a83d61b05c1454ca4ed36c43715 viz/beamdiag/fixtures.json
181858dc8a91db98bbd1bdf272acc988c66a8a8dbb8eff9d6e72623966756278 viz/beamdiag/reference.json
