# Kokoro phonemes for this notebook's narration, written by the build from Misaki 0.9.4
# (kokoro.lock). Override a word with `pronounce: word phonemes` in the front matter.
Pull	pˈʊl
the	ðə
member	mˈɛmbəɹ
and	ænd
it	ɪt
stretches	stɹˈɛʧᵻz
gets	ɡɛts
thinner	θˈɪnəɹ
Squeeze	skwˈiz
shortens	ʃˈɔɹʔnz
swells	swˈɛlz
The	ðə
sideways	sˈIdwˌAz
change	ʧˈAnʤ
is	ɪz
Poisson	pwɑsˈOn
effect	əfˈɛkt
box	bˈɑks
hard	hˈɑɹd
its	ɪts
walls	wˈɔlz
wrinkle	ɹˈɪŋkᵊl
Everything	ˈɛvəɹiθˌɪŋ
here	hˈɪɹ
enlarged	ɪnlˈɑɹʤd
nothing	nˈʌθɪŋ
has	hæz
units	jˈunəts
A	ə
force	fˈɔɹs
at	æt
tip	tˈɪp
bends	bˈɛndz
beam	bˈim
One	wˈʌn
side	sˈId
other	ˈʌðəɹ
most	mˈOst
of	ʌv
all	ˈɔl
clamp	klˈæmp
In	ɪn
middle	mˈɪdᵊl
top	tˈɑp
wall	wˈɔl
lags	lˈæɡz
behind	bəhˈInd
edges	ˈɛʤᵻz
That	ðæt
shear	ʃˈɪɹ
lag	lˈæɡ
an	æn
assumed	əsˈumd
shape	ʃˈAp
shears	ʃˈɪɹz
I	ˈI
web	wˈɛb
carries	kˈɛɹiz
Shear	ʃˈɪɹ
turns	tˈɜɹnz
square	skwˈɛɹ
patch	pˈæʧ
into	ˈɪntu
a	ə
diamond	dˈIəmənd
Turn	tˈɜɹn
to	tu
forty	fˈɔɹɾi
five	fˈIv
degrees	dəɡɹˈiz
only	ˈOnli
stretch	stɹˈɛʧ
shorten	ʃˈɔɹʔn
twist	twˈɪst
each	ˈiʧ
section	sˈɛkʃən
about	əbˈWt
centre	sˈɛntəɹ
tube	tˈub
twists	twˈɪsts
gentle	ʤˈɛntəl
spiral	spˈIɹəl
skin	skˈɪn
does	dˈʌz
more	mˈɔɹ
Its	ɪts
flanges	flˈænʤᵻz
slide	slˈId
along	əlˈɔŋ
span	spˈæn
When	wˌɛn
flange	flˈænʤ
tips	tˈɪps
in	ɪn
opposite	ˈɑpəzət
directions	dəɹˈɛkʃənz
Hold	hˈOld
flat	flˈæt
less	lˈɛs
not	nˌɑt
warp	wˈɔɹp
Thin	θˈɪn
plates	plˈAts
buckle	bˈʌkᵊl
Each	ˈiʧ
one	wˈʌn
stays	stˈAz
until	ˌʌntˈɪl
load	lˈOd
passes	pˈæsᵻz
threshold	θɹˈɛʃhˌOld
then	ðˈɛn
wrinkles	ɹˈɪŋkᵊlz
makes	mˌAks
diagonal	dIˈæɡənᵊl
waves	wˈAvz
squeezing	skwˈizɪŋ
ones	wˈʌnz
Stringers	stɹˈɪŋəɹz
frames	fɹˈAmz
cut	kˈʌt
smaller	smˈɔləɹ
panels	pˈænᵊlz
rises	ɹˈIzᵻz
get	ɡɛt
shorter	ʃˈɔɹɾəɹ
