# Kokoro phonemes for this notebook's narration, written by the build from Misaki 0.9.4
# (kokoro.lock). Override a word with `pronounce: word phonemes` in the front matter.
Every	ˈɛvəɹi
expression	ɪkspɹˈɛʃən
gets	ɡɛts
two	tˈu
labels	lˈAbəlz
Its	ɪts
category	kˈæɾəɡˌɔɹi
says	sˈɛz
what	wˌʌt
it	ɪt
is	ɪz
for	fɔɹ
example	ɪɡzˈæmpəl
a	ə
noun	nˈWn
phrase	fɹˈAz
function	fˈʌŋkʃən
does	dˈʌz
in	ɪn
the	ðə
larger	lˈɑɹʤəɹ
structure	stɹˈʌkʧəɹ
subject	sˈʌbʤɛkt
or	ɔɹ
object	ˈɑbʤəkt
Words	wˈɜɹdz
do	dˈu
not	nˌɑt
stand	stˈænd
flat	flˈæt
line	lˈIn
They	ðA
form	fˈɔɹm
groups	ɡɹˈups
inside	ɪnsˈId
When	wˌɛn
same	sˈAm
words	wˈɜɹdz
can	kæn
group	ɡɹˈup
ways	wˈAz
sentence	sˈɛntᵊns
has	hæz
meanings	mˈinɪŋz
Inside	ɪnsˈId
each	ˈiʧ
one	wˈʌn
part	pˈɑɹt
head	hˈɛd
The	ðə
decides	dəsˈIdz
kind	kˈInd
of	ʌv
other	ˈʌðəɹ
parts	pˈɑɹts
depend	dəpˈɛnd
on	ˌɔn
have	hæv
too	tˈu
Takes	tˈAks
and	ænd
took	tˈʊk
are	ɑɹ
forms	fˈɔɹmz
verb	vˈɜɹb
Kindness	kˈIndnəs
new	nˈu
word	wˈɜɹd
made	mˌAd
from	fɹʌm
A	ə
simple	sˈɪmpəl
clause	klˈɔz
comes	kˈʌmz
first	fˈɜɹst
agrees	əɡɹˈiz
with	wɪð
rest	ɹˈɛst
predicate	pɹˈɛdəkət
built	bˈɪlt
around	əɹˈWnd
chooses	ʧˈuzᵻz
follows	fˈɑlOz
An	æn
second	sˈɛkənd
participant	pɑɹtˈɪsəpᵊnt
predicative	pɹˈɛdəkˌAɾɪv
complement	kˈɑmpləmənt
adds	ˈædz
no	nˈO
It	ɪt
describes	dəskɹˈIbz
Most	mˈOst
phrases	fɹˈAzᵻz
begin	bəɡˈɪn
determiner	dətˈɜɹmənəɹ
Determiner	dətˈɜɹmənəɹ
job	ʤˈɑb
class	klˈæs
Other	ˈʌðəɹ
that	ðæt
Adjuncts	ˈæʤˌʌŋkts
add	ˈæd
need	nˈid
tell	tˈɛl
how	hˌW
where	wˌɛɹ
when	wˌɛn
why	wˌI
them	ðˌɛm
move	mˈuv
Here	hˈɪɹ
sentences	sˈɛntᵊnsᵻz
look	lˈʊk
alike	əlˈIk
trees	tɹˈiz
show	ʃˈO
they	ðA
differ	dˈɪfəɹ
Some	sˌʌm
pairs	pˈɛɹz
terms	tˈɜɹmz
easy	ˈizi
to	tu
mix	mˈɪks
up	ˌʌp
Each	ˈiʧ
pair	pˈɛɹ
here	hˈɪɹ
an	æn
keeps	kˈips
apart	əpˈɑɹt
concepts	kˈɑnsˌɛpts
follow	fˈɑlO
twenty	twˈɛnti
chapters	ʧˈæptəɹz
Cambridge	kˈAmbɹˌɪʤ
Grammar	ɡɹˈæməɹ
Pick	pˈɪk
chapter	ʧˈæptəɹ
then	ðˈɛn
concept	kˈɑnsˌɛpt
its	ɪts
examples	ɪɡzˈæmpəlz
Last	lˈæst
search	sˈɜɹʧ
everything	ˈɛvəɹiθˌɪŋ
Type	tˈIp
grammar	ɡɹˈæməɹ
term	tˈɜɹm
match	mˈæʧ
appear	əpˈɪɹ
below	bəlˈO
