# Kokoro phonemes for this notebook's narration, written by the build from Misaki 0.9.4
# (kokoro.lock). Override a word with `pronounce: word phonemes` in the front matter.
Every	ˈɛvəɹi
expression	ɪkspɹˈɛʃən
has	hæz
two	tˈu
labels	lˈAbəlz
Its	ɪts
category	kˈæɾəɡˌɔɹi
says	sˈɛz
what	wˌʌt
it	ɪt
is	ɪz
function	fˈʌŋkʃən
does	dˈʌz
Words	wˈɜɹdz
make	mˌAk
groups	ɡɹˈups
inside	ɪnsˈId
If	ɪf
the	ðə
same	sˈAm
words	wˈɜɹdz
can	kæn
in	ɪn
ways	wˈAz
sentence	sˈɛntᵊns
meanings	mˈinɪŋz
In	ɪn
each	ˈiʧ
group	ɡɹˈup
one	wˈʌn
part	pˈɑɹt
head	hˈɛd
The	ðə
sets	sˈɛts
kind	kˈInd
of	ʌv
phrase	fɹˈAz
have	hæv
parts	pˈɑɹts
too	tˈu
Takes	tˈAks
and	ænd
took	tˈʊk
are	ɑɹ
forms	fˈɔɹmz
verb	vˈɜɹb
Kindness	kˈIndnəs
a	ə
new	nˈu
word	wˈɜɹd
made	mˌAd
from	fɹʌm
A	ə
simple	sˈɪmpəl
clause	klˈɔz
subject	sˈʌbʤɛkt
comes	kˈʌmz
first	fˈɜɹst
agrees	əɡɹˈiz
with	wɪð
rest	ɹˈɛst
predicate	pɹˈɛdəkət
chooses	ʧˈuzᵻz
follows	fˈɑlOz
An	æn
object	ˈɑbʤəkt
second	sˈɛkənd
participant	pɑɹtˈɪsəpᵊnt
predicative	pɹˈɛdəkˌAɾɪv
complement	kˈɑmpləmənt
describes	dəskɹˈIbz
Most	mˈOst
noun	nˈWn
phrases	fɹˈAzᵻz
start	stˈɑɹt
determiner	dətˈɜɹmənəɹ
for	fɔɹ
example	ɪɡzˈæmpəl
Determiner	dətˈɜɹmənəɹ
job	ʤˈɑb
not	nˌɑt
class	klˈæs
Adjuncts	ˈæʤˌʌŋkts
add	ˈæd
need	nˈid
They	ðA
tell	tˈɛl
how	hˌW
where	wˌɛɹ
when	wˌɛn
or	ɔɹ
why	wˌI
Here	hˈɪɹ
sentences	sˈɛntᵊnsᵻz
look	lˈʊk
alike	əlˈIk
trees	tɹˈiz
show	ʃˈO
they	ðA
differ	dˈɪfəɹ
Some	sˌʌm
pairs	pˈɛɹz
terms	tˈɜɹmz
easy	ˈizi
to	tu
confuse	kənfjˈuz
Each	ˈiʧ
pair	pˈɛɹ
here	hˈɪɹ
an	æn
that	ðæt
shows	ʃˈOz
difference	dˈɪfəɹəns
Choose	ʧˈuz
chapter	ʧˈæptəɹ
Cambridge	kˈAmbɹˌɪʤ
Grammar	ɡɹˈæməɹ
then	ðˈɛn
concept	kˈɑnsˌɛpt
its	ɪts
examples	ɪɡzˈæmpəlz
Last	lˈæst
search	sˈɜɹʧ
everything	ˈɛvəɹiθˌɪŋ
Type	tˈIp
grammar	ɡɹˈæməɹ
term	tˈɜɹm
