# Kokoro phonemes for this notebook's narration, written by the build from Misaki 0.9.4
# (kokoro.lock). Override a word with `pronounce: word phonemes` in the front matter.
R	ˈɑɹ
one	wˈʌn
sends	sˈɛndz
a	ə
hundred	hˈʌndɹəd
kilowatt	kˈɪləwˌɑt
pulse	pˈʌls
at	æt
ten	tˈɛn
gigahertz	
Sixty	sˈɪksti
four	fˈɔɹ
pulses	pˈʌlsᵻz
add	ˈæd
up	ˌʌp
coherently	kOhˈɪɹəntli
before	bəfˈɔɹ
it	ɪt
decides	dəsˈIdz
The	ðə
beam	bˈim
points	pˈYnts
where	wˌɛɹ
T	tˈi
three	θɹˈi
was	wʌz
the	ðə
start	stˈɑɹt
and	ænd
stays	stˈAz
there	ðɛɹ
flies	flˈIz
on	ˌɔn
slowly	slˈOli
leaves	lˈivz
To	tu
be	bi
found	fˈWnd
nine	nˈIn
times	tˈImz
in	ɪn
with	wɪð
false	fˈɔls
alarm	əlˈɑɹm
million	mˈɪljᵊn
each	ˈiʧ
needs	nˈidz
signal	sˈɪɡnᵊl
to	tu
noise	nˈYz
ratio	ɹˈAʃiO
of	ʌv
about	əbˈWt
minus	mˈInəs
point	pˈYnt
decibels	dˈɛsəbᵊlz
At	æt
is	ɪz
eighty	ˈAɾi
eight	ˈAt
kilometres	kəlˈɑməɾəɹz
out	ˈWt
could	kʊd
reach	ɹˈiʧ
So	sˌO
detection	dətˈɛkʃən
probability	pɹˌɑbəbˈɪləɾi
only	ˈOnli
sixty	sˈɪksti
percent	pəɹsˈɛnt
half	hˈæf
short	ʃˈɔɹt
And	ænd
gets	ɡɛts
worse	wˈɜɹs
away	əwˈA
off	ˈɔf
same	sˈAm
time	tˈIm
Within	wɪðˈɪn
two	tˈu
minutes	mˈɪnəts
chance	ʧˈæns
seeing	sˈiɪŋ
falls	fˈɔlz
close	klˈOs
zero	zˈɪɹO
